{
  "name": "personal_website",
  "version": "1.0.0",
  "lockfileVersion": 1,
  "requires": true,
  "dependencies": {
    "@glorious/demo": {
      "version": "0.7.1",
      "resolved": "https://registry.npmjs.org/@glorious/demo/-/demo-0.7.1.tgz",
      "integrity": "sha512-ofea2f5vzYLu9r9OTG9B7sTdpv2ZbOal8IFWH8DH/moMWUNlGhdxCHaY8ieWeUWEwEBYoJ6AKUGMgsYzgFvb+g=="
    }
  }
}
